
Microsoft Visual Studio Solution File, Format Version 12.00
# Visual Studio Version 16
VisualStudioVersion = 16.0.31829.152
MinimumVisualStudioVersion = 10.0.40219.1
Project("{FAE04EC0-301F-11D3-BF4B-00C04F79EFBC}") = "HalilPazarlamaV3", "HalilPazarlamaV3\HalilPazarlamaV3.csproj", "{FF6AF8AD-049B-4372-87A2-17377957908A}"
EndProject
Global
	GlobalSection(SolutionConfigurationPlatforms) = preSolution
		Debug|Any CPU = Debug|Any CPU
		Release|Any CPU = Release|Any CPU
	EndGlobalSection
	GlobalSection(ProjectConfigurationPlatforms) = postSolution
		{FF6AF8AD-049B-4372-87A2-17377957908A}.Debug|Any CPU.ActiveCfg = Debug|Any CPU
		{FF6AF8AD-049B-4372-87A2-17377957908A}.Debug|Any CPU.Build.0 = Debug|Any CPU
		{FF6AF8AD-049B-4372-87A2-17377957908A}.Release|Any CPU.ActiveCfg = Release|Any CPU
		{FF6AF8AD-049B-4372-87A2-17377957908A}.Release|Any CPU.Build.0 = Release|Any CPU
	EndGlobalSection
	GlobalSection(SolutionProperties) = preSolution
		HideSolutionNode = FALSE
	EndGlobalSection
	GlobalSection(ExtensibilityGlobals) = postSolution
		SolutionGuid = {4CF4B673-65E2-4F37-AB02-50E2B0B7B126}
	EndGlobalSection
EndGlobal
